{
  "dependencies": {
    "text-temple": {
      "version": "https://ttdeployer:triplethriver@bitbucket.org/thrivetide/text-temple/get/f2776b8745f640519cb8aa292fc312a7ab127315.tar.gz",
      "dependencies": {
        "fs": {
          "version": "0.0.2"
        },
        "path": {
          "version": "0.11.14"
        }
      }
    }
  }
}
