{
  "dependencies": {
    "text-temple": {
      "version": "https://github.com/kAlbert19/node-text-temple/archive/382bcc9daa1516c0a648dd6c0dd2f04f5388f30c.tar.gz",
      "dependencies": {
        "fs": {
          "version": "0.0.2"
        },
        "path": {
          "version": "0.11.14"
        }
      }
    }
  }
}
